// !$*UTF8*$!
{
	archiveVersion = 1;
	classes = {
	};
	objectVersion = 51;
	objects = {

/* Begin PBXBuildFile section */
		2BFFE3102363E11900010BA9 /* AppDelegate.swift in Sources */ = {isa = PBXBuildFile; fileRef = 2BFFE30F2363E11900010BA9 /* AppDelegate.swift */; };
		2BFFE3142363E11900010BA9 /* ViewController.swift in Sources */ = {isa = PBXBuildFile; fileRef = 2BFFE3132363E11900010BA9 /* ViewController.swift */; };
		2BFFE3172363E11900010BA9 /* Main.storyboard in Resources */ = {isa = PBXBuildFile; fileRef = 2BFFE3152363E11900010BA9 /* Main.storyboard */; };
		2BFFE3192363E11C00010BA9 /* Assets.xcassets in Resources */ = {isa = PBXBuildFile; fileRef = 2BFFE3182363E11C00010BA9 /* Assets.xcassets */; };
		2BFFE31C2363E11C00010BA9 /* LaunchScreen.storyboard in Resources */ = {isa = PBXBuildFile; fileRef = 2BFFE31A2363E11C00010BA9 /* LaunchScreen.storyboard */; };
		2BFFE3252363E52100010BA9 /* TYHLanguage.podspec in Resources */ = {isa = PBXBuildFile; fileRef = 2BFFE3242363E52100010BA9 /* TYHLanguage.podspec */; };
		2BFFE32F2363F9A200010BA9 /* Extension_TYHLanguage.swift in Sources */ = {isa = PBXBuildFile; fileRef = 2BFFE32E2363F9A200010BA9 /* Extension_TYHLanguage.swift */; };
		2BFFE3322363F9CD00010BA9 /* Localizable.strings in Resources */ = {isa = PBXBuildFile; fileRef = 2BFFE3342363F9CD00010BA9 /* Localizable.strings */; };
		2BFFE33723667F6000010BA9 /* Target_TYHLanguage.swift in Sources */ = {isa = PBXBuildFile; fileRef = 2BFFE33623667F6000010BA9 /* Target_TYHLanguage.swift */; };
		2BFFE3392366863B00010BA9 /* TYHLocalizeHelper.swift in Sources */ = {isa = PBXBuildFile; fileRef = 2BFFE3382366863B00010BA9 /* TYHLocalizeHelper.swift */; };
		2BFFE33B2366BE3500010BA9 /* SceneDelegate.swift in Sources */ = {isa = PBXBuildFile; fileRef = 2BFFE33A2366BE3500010BA9 /* SceneDelegate.swift */; };
		39D8E6F80FA671E095652A69 /* Pods_TYHLanguageManager.framework in Frameworks */ = {isa = PBXBuildFile; fileRef = AAA0323BD64B96ABBB773E64 /* Pods_TYHLanguageManager.framework */; };
/* End PBXBuildFile section */

/* Begin PBXFileReference section */
		2BFFE30C2363E11800010BA9 /* TYHLanguage.app */ = {isa = PBXFileReference; explicitFileType = wrapper.application; includeInIndex = 0; path = TYHLanguage.app; sourceTree = BUILT_PRODUCTS_DIR; };
		2BFFE30F2363E11900010BA9 /* AppDelegate.swift */ = {isa = PBXFileReference; lastKnownFileType = sourcecode.swift; path = AppDelegate.swift; sourceTree = "<group>"; };
		2BFFE3132363E11900010BA9 /* ViewController.swift */ = {isa = PBXFileReference; lastKnownFileType = sourcecode.swift; path = ViewController.swift; sourceTree = "<group>"; };
		2BFFE3162363E11900010BA9 /* Base */ = {isa = PBXFileReference; lastKnownFileType = file.storyboard; name = Base; path = Base.lproj/Main.storyboard; sourceTree = "<group>"; };
		2BFFE3182363E11C00010BA9 /* Assets.xcassets */ = {isa = PBXFileReference; lastKnownFileType = folder.assetcatalog; path = Assets.xcassets; sourceTree = "<group>"; };
		2BFFE31B2363E11C00010BA9 /* Base */ = {isa = PBXFileReference; lastKnownFileType = file.storyboard; name = Base; path = Base.lproj/LaunchScreen.storyboard; sourceTree = "<group>"; };
		2BFFE31D2363E11C00010BA9 /* Info.plist */ = {isa = PBXFileReference; lastKnownFileType = text.plist.xml; path = Info.plist; sourceTree = "<group>"; };
		2BFFE3242363E52100010BA9 /* TYHLanguage.podspec */ = {isa = PBXFileReference; fileEncoding = 4; lastKnownFileType = text; path = TYHLanguage.podspec; sourceTree = "<group>"; };
		2BFFE3262363E59F00010BA9 /* zh-Hans */ = {isa = PBXFileReference; lastKnownFileType = text.plist.strings; name = "zh-Hans"; path = "zh-Hans.lproj/Main.strings"; sourceTree = "<group>"; };
		2BFFE3272363E5A000010BA9 /* zh-Hans */ = {isa = PBXFileReference; lastKnownFileType = text.plist.strings; name = "zh-Hans"; path = "zh-Hans.lproj/LaunchScreen.strings"; sourceTree = "<group>"; };
		2BFFE32E2363F9A200010BA9 /* Extension_TYHLanguage.swift */ = {isa = PBXFileReference; lastKnownFileType = sourcecode.swift; path = Extension_TYHLanguage.swift; sourceTree = "<group>"; };
		2BFFE3332363F9CD00010BA9 /* en */ = {isa = PBXFileReference; lastKnownFileType = text.plist.strings; name = en; path = en.lproj/Localizable.strings; sourceTree = "<group>"; };
		2BFFE3352363F9D300010BA9 /* zh-Hans */ = {isa = PBXFileReference; lastKnownFileType = text.plist.strings; name = "zh-Hans"; path = "zh-Hans.lproj/Localizable.strings"; sourceTree = "<group>"; };
		2BFFE33623667F6000010BA9 /* Target_TYHLanguage.swift */ = {isa = PBXFileReference; lastKnownFileType = sourcecode.swift; path = Target_TYHLanguage.swift; sourceTree = "<group>"; };
		2BFFE3382366863B00010BA9 /* TYHLocalizeHelper.swift */ = {isa = PBXFileReference; lastKnownFileType = sourcecode.swift; path = TYHLocalizeHelper.swift; sourceTree = "<group>"; };
		2BFFE33A2366BE3500010BA9 /* SceneDelegate.swift */ = {isa = PBXFileReference; fileEncoding = 4; lastKnownFileType = sourcecode.swift; path = SceneDelegate.swift; sourceTree = "<group>"; };
		61AEBBC042C133B67E1E7B0B /* Pods-TYHLanguageManager.release.xcconfig */ = {isa = PBXFileReference; includeInIndex = 1; lastKnownFileType = text.xcconfig; name = "Pods-TYHLanguageManager.release.xcconfig"; path = "Target Support Files/Pods-TYHLanguageManager/Pods-TYHLanguageManager.release.xcconfig"; sourceTree = "<group>"; };
		8CBF3F4837EE1260CF77E894 /* Pods-TYHLanguageManager.debug.xcconfig */ = {isa = PBXFileReference; includeInIndex = 1; lastKnownFileType = text.xcconfig; name = "Pods-TYHLanguageManager.debug.xcconfig"; path = "Target Support Files/Pods-TYHLanguageManager/Pods-TYHLanguageManager.debug.xcconfig"; sourceTree = "<group>"; };
		AAA0323BD64B96ABBB773E64 /* Pods_TYHLanguageManager.framework */ = {isa = PBXFileReference; explicitFileType = wrapper.framework; includeInIndex = 0; path = Pods_TYHLanguageManager.framework; sourceTree = BUILT_PRODUCTS_DIR; };
/* End PBXFileReference section */

/* Begin PBXFrameworksBuildPhase section */
		2BFFE3092363E11800010BA9 /* Frameworks */ = {
			isa = PBXFrameworksBuildPhase;
			buildActionMask = 2147483647;
			files = (
				39D8E6F80FA671E095652A69 /* Pods_TYHLanguageManager.framework in Frameworks */,
			);
			runOnlyForDeploymentPostprocessing = 0;
		};
/* End PBXFrameworksBuildPhase section */

/* Begin PBXGroup section */
		2BFFE3032363E11800010BA9 = {
			isa = PBXGroup;
			children = (
				2BFFE3232363E52100010BA9 /* TYHLanguage */,
				2BFFE3242363E52100010BA9 /* TYHLanguage.podspec */,
				2BFFE30E2363E11900010BA9 /* TYHLanguageManager */,
				2BFFE30D2363E11800010BA9 /* Products */,
				D1EDB86A6BC1FA408CAA242D /* Pods */,
				80CE5D0F1CC4820BF07D6A65 /* Frameworks */,
			);
			sourceTree = "<group>";
		};
		2BFFE30D2363E11800010BA9 /* Products */ = {
			isa = PBXGroup;
			children = (
				2BFFE30C2363E11800010BA9 /* TYHLanguage.app */,
			);
			name = Products;
			sourceTree = "<group>";
		};
		2BFFE30E2363E11900010BA9 /* TYHLanguageManager */ = {
			isa = PBXGroup;
			children = (
				2BFFE30F2363E11900010BA9 /* AppDelegate.swift */,
				2BFFE33A2366BE3500010BA9 /* SceneDelegate.swift */,
				2BFFE3132363E11900010BA9 /* ViewController.swift */,
				2BFFE3152363E11900010BA9 /* Main.storyboard */,
				2BFFE3182363E11C00010BA9 /* Assets.xcassets */,
				2BFFE31A2363E11C00010BA9 /* LaunchScreen.storyboard */,
				2BFFE31D2363E11C00010BA9 /* Info.plist */,
			);
			path = TYHLanguageManager;
			sourceTree = "<group>";
		};
		2BFFE3232363E52100010BA9 /* TYHLanguage */ = {
			isa = PBXGroup;
			children = (
				2BFFE32B2363F91F00010BA9 /* Classes */,
				2BFFE32A2363F90600010BA9 /* Languages */,
			);
			path = TYHLanguage;
			sourceTree = "<group>";
		};
		2BFFE32A2363F90600010BA9 /* Languages */ = {
			isa = PBXGroup;
			children = (
				2BFFE3342363F9CD00010BA9 /* Localizable.strings */,
			);
			path = Languages;
			sourceTree = "<group>";
		};
		2BFFE32B2363F91F00010BA9 /* Classes */ = {
			isa = PBXGroup;
			children = (
				2BFFE32C2363F95800010BA9 /* Extension */,
				2BFFE32D2363F96100010BA9 /* Target */,
			);
			path = Classes;
			sourceTree = "<group>";
		};
		2BFFE32C2363F95800010BA9 /* Extension */ = {
			isa = PBXGroup;
			children = (
				2BFFE32E2363F9A200010BA9 /* Extension_TYHLanguage.swift */,
			);
			path = Extension;
			sourceTree = "<group>";
		};
		2BFFE32D2363F96100010BA9 /* Target */ = {
			isa = PBXGroup;
			children = (
				2BFFE33623667F6000010BA9 /* Target_TYHLanguage.swift */,
				2BFFE3382366863B00010BA9 /* TYHLocalizeHelper.swift */,
			);
			path = Target;
			sourceTree = "<group>";
		};
		80CE5D0F1CC4820BF07D6A65 /* Frameworks */ = {
			isa = PBXGroup;
			children = (
				AAA0323BD64B96ABBB773E64 /* Pods_TYHLanguageManager.framework */,
			);
			name = Frameworks;
			sourceTree = "<group>";
		};
		D1EDB86A6BC1FA408CAA242D /* Pods */ = {
			isa = PBXGroup;
			children = (
				8CBF3F4837EE1260CF77E894 /* Pods-TYHLanguageManager.debug.xcconfig */,
				61AEBBC042C133B67E1E7B0B /* Pods-TYHLanguageManager.release.xcconfig */,
			);
			path = Pods;
			sourceTree = "<group>";
		};
/* End PBXGroup section */

/* Begin PBXNativeTarget section */
		2BFFE30B2363E11800010BA9 /* TYHLanguage */ = {
			isa = PBXNativeTarget;
			buildConfigurationList = 2BFFE3202363E11C00010BA9 /* Build configuration list for PBXNativeTarget "TYHLanguage" */;
			buildPhases = (
				CA65B8B50E53237B4822755A /* [CP] Check Pods Manifest.lock */,
				2BFFE3082363E11800010BA9 /* Sources */,
				2BFFE3092363E11800010BA9 /* Frameworks */,
				2BFFE30A2363E11800010BA9 /* Resources */,
				0FE798022F73ED18CEB46E60 /* [CP] Embed Pods Frameworks */,
			);
			buildRules = (
			);
			dependencies = (
			);
			name = TYHLanguage;
			productName = TYHLanguageManager;
			productReference = 2BFFE30C2363E11800010BA9 /* TYHLanguage.app */;
			productType = "com.apple.product-type.application";
		};
/* End PBXNativeTarget section */

/* Begin PBXProject section */
		2BFFE3042363E11800010BA9 /* Project object */ = {
			isa = PBXProject;
			attributes = {
				LastSwiftUpdateCheck = 1110;
				LastUpgradeCheck = 1110;
				ORGANIZATIONNAME = "YaoHua Tan";
				TargetAttributes = {
					2BFFE30B2363E11800010BA9 = {
						CreatedOnToolsVersion = 11.1;
					};
				};
			};
			buildConfigurationList = 2BFFE3072363E11800010BA9 /* Build configuration list for PBXProject "TYHLanguage" */;
			compatibilityVersion = "Xcode 9.3";
			developmentRegion = en;
			hasScannedForEncodings = 0;
			knownRegions = (
				en,
				Base,
				"zh-Hans",
			);
			mainGroup = 2BFFE3032363E11800010BA9;
			productRefGroup = 2BFFE30D2363E11800010BA9 /* Products */;
			projectDirPath = "";
			projectRoot = "";
			targets = (
				2BFFE30B2363E11800010BA9 /* TYHLanguage */,
			);
		};
/* End PBXProject section */

/* Begin PBXResourcesBuildPhase section */
		2BFFE30A2363E11800010BA9 /* Resources */ = {
			isa = PBXResourcesBuildPhase;
			buildActionMask = 2147483647;
			files = (
				2BFFE3322363F9CD00010BA9 /* Localizable.strings in Resources */,
				2BFFE3252363E52100010BA9 /* TYHLanguage.podspec in Resources */,
				2BFFE31C2363E11C00010BA9 /* LaunchScreen.storyboard in Resources */,
				2BFFE3192363E11C00010BA9 /* Assets.xcassets in Resources */,
				2BFFE3172363E11900010BA9 /* Main.storyboard in Resources */,
			);
			runOnlyForDeploymentPostprocessing = 0;
		};
/* End PBXResourcesBuildPhase section */

/* Begin PBXShellScriptBuildPhase section */
		0FE798022F73ED18CEB46E60 /* [CP] Embed Pods Frameworks */ = {
			isa = PBXShellScriptBuildPhase;
			buildActionMask = 2147483647;
			files = (
			);
			inputFileListPaths = (
				"${PODS_ROOT}/Target Support Files/Pods-TYHLanguageManager/Pods-TYHLanguageManager-frameworks-${CONFIGURATION}-input-files.xcfilelist",
			);
			name = "[CP] Embed Pods Frameworks";
			outputFileListPaths = (
				"${PODS_ROOT}/Target Support Files/Pods-TYHLanguageManager/Pods-TYHLanguageManager-frameworks-${CONFIGURATION}-output-files.xcfilelist",
			);
			runOnlyForDeploymentPostprocessing = 0;
			shellPath = /bin/sh;
			shellScript = "\"${PODS_ROOT}/Target Support Files/Pods-TYHLanguageManager/Pods-TYHLanguageManager-frameworks.sh\"\n";
			showEnvVarsInLog = 0;
		};
		CA65B8B50E53237B4822755A /* [CP] Check Pods Manifest.lock */ = {
			isa = PBXShellScriptBuildPhase;
			buildActionMask = 2147483647;
			files = (
			);
			inputFileListPaths = (
			);
			inputPaths = (
				"${PODS_PODFILE_DIR_PATH}/Podfile.lock",
				"${PODS_ROOT}/Manifest.lock",
			);
			name = "[CP] Check Pods Manifest.lock";
			outputFileListPaths = (
			);
			outputPaths = (
				"$(DERIVED_FILE_DIR)/Pods-TYHLanguageManager-checkManifestLockResult.txt",
			);
			runOnlyForDeploymentPostprocessing = 0;
			shellPath = /bin/sh;
			shellScript = "diff \"${PODS_PODFILE_DIR_PATH}/Podfile.lock\" \"${PODS_ROOT}/Manifest.lock\" > /dev/null\nif [ $? != 0 ] ; then\n    # print error to STDERR\n    echo \"error: The sandbox is not in sync with the Podfile.lock. Run 'pod install' or update your CocoaPods installation.\" >&2\n    exit 1\nfi\n# This output is used by Xcode 'outputs' to avoid re-running this script phase.\necho \"SUCCESS\" > \"${SCRIPT_OUTPUT_FILE_0}\"\n";
			showEnvVarsInLog = 0;
		};
/* End PBXShellScriptBuildPhase section */

/* Begin PBXSourcesBuildPhase section */
		2BFFE3082363E11800010BA9 /* Sources */ = {
			isa = PBXSourcesBuildPhase;
			buildActionMask = 2147483647;
			files = (
				2BFFE3142363E11900010BA9 /* ViewController.swift in Sources */,
				2BFFE33723667F6000010BA9 /* Target_TYHLanguage.swift in Sources */,
				2BFFE3102363E11900010BA9 /* AppDelegate.swift in Sources */,
				2BFFE3392366863B00010BA9 /* TYHLocalizeHelper.swift in Sources */,
				2BFFE32F2363F9A200010BA9 /* Extension_TYHLanguage.swift in Sources */,
				2BFFE33B2366BE3500010BA9 /* SceneDelegate.swift in Sources */,
			);
			runOnlyForDeploymentPostprocessing = 0;
		};
/* End PBXSourcesBuildPhase section */

/* Begin PBXVariantGroup section */
		2BFFE3152363E11900010BA9 /* Main.storyboard */ = {
			isa = PBXVariantGroup;
			children = (
				2BFFE3162363E11900010BA9 /* Base */,
				2BFFE3262363E59F00010BA9 /* zh-Hans */,
			);
			name = Main.storyboard;
			sourceTree = "<group>";
		};
		2BFFE31A2363E11C00010BA9 /* LaunchScreen.storyboard */ = {
			isa = PBXVariantGroup;
			children = (
				2BFFE31B2363E11C00010BA9 /* Base */,
				2BFFE3272363E5A000010BA9 /* zh-Hans */,
			);
			name = LaunchScreen.storyboard;
			sourceTree = "<group>";
		};
		2BFFE3342363F9CD00010BA9 /* Localizable.strings */ = {
			isa = PBXVariantGroup;
			children = (
				2BFFE3332363F9CD00010BA9 /* en */,
				2BFFE3352363F9D300010BA9 /* zh-Hans */,
			);
			name = Localizable.strings;
			sourceTree = "<group>";
		};
/* End PBXVariantGroup section */

/* Begin XCBuildConfiguration section */
		2BFFE31E2363E11C00010BA9 /* Debug */ = {
			isa = XCBuildConfiguration;
			buildSettings = {
				ALWAYS_SEARCH_USER_PATHS = NO;
				CLANG_ANALYZER_LOCALIZABILITY_NONLOCALIZED = YES;
				CLANG_ANALYZER_NONNULL = YES;
				CLANG_ANALYZER_NUMBER_OBJECT_CONVERSION = YES_AGGRESSIVE;
				CLANG_CXX_LANGUAGE_STANDARD = "gnu++14";
				CLANG_CXX_LIBRARY = "libc++";
				CLANG_ENABLE_MODULES = YES;
				CLANG_ENABLE_OBJC_ARC = YES;
				CLANG_ENABLE_OBJC_WEAK = YES;
				CLANG_WARN_BLOCK_CAPTURE_AUTORELEASING = YES;
				CLANG_WARN_BOOL_CONVERSION = YES;
				CLANG_WARN_COMMA = YES;
				CLANG_WARN_CONSTANT_CONVERSION = YES;
				CLANG_WARN_DEPRECATED_OBJC_IMPLEMENTATIONS = YES;
				CLANG_WARN_DIRECT_OBJC_ISA_USAGE = YES_ERROR;
				CLANG_WARN_DOCUMENTATION_COMMENTS = YES;
				CLANG_WARN_EMPTY_BODY = YES;
				CLANG_WARN_ENUM_CONVERSION = YES;
				CLANG_WARN_INFINITE_RECURSION = YES;
				CLANG_WARN_INT_CONVERSION = YES;
				CLANG_WARN_NON_LITERAL_NULL_CONVERSION = YES;
				CLANG_WARN_OBJC_IMPLICIT_RETAIN_SELF = YES;
				CLANG_WARN_OBJC_LITERAL_CONVERSION = YES;
				CLANG_WARN_OBJC_ROOT_CLASS = YES_ERROR;
				CLANG_WARN_RANGE_LOOP_ANALYSIS = YES;
				CLANG_WARN_STRICT_PROTOTYPES = YES;
				CLANG_WARN_SUSPICIOUS_MOVE = YES;
				CLANG_WARN_UNGUARDED_AVAILABILITY = YES_AGGRESSIVE;
				CLANG_WARN_UNREACHABLE_CODE = YES;
				CLANG_WARN__DUPLICATE_METHOD_MATCH = YES;
				COPY_PHASE_STRIP = NO;
				DEBUG_INFORMATION_FORMAT = dwarf;
				ENABLE_STRICT_OBJC_MSGSEND = YES;
				ENABLE_TESTABILITY = YES;
				GCC_C_LANGUAGE_STANDARD = gnu11;
				GCC_DYNAMIC_NO_PIC = NO;
				GCC_NO_COMMON_BLOCKS = YES;
				GCC_OPTIMIZATION_LEVEL = 0;
				GCC_PREPROCESSOR_DEFINITIONS = (
					"DEBUG=1",
					"$(inherited)",
				);
				GCC_WARN_64_TO_32_BIT_CONVERSION = YES;
				GCC_WARN_ABOUT_RETURN_TYPE = YES_ERROR;
				GCC_WARN_UNDECLARED_SELECTOR = YES;
				GCC_WARN_UNINITIALIZED_AUTOS = YES_AGGRESSIVE;
				GCC_WARN_UNUSED_FUNCTION = YES;
				GCC_WARN_UNUSED_VARIABLE = YES;
				IPHONEOS_DEPLOYMENT_TARGET = 13.1;
				MTL_ENABLE_DEBUG_INFO = INCLUDE_SOURCE;
				MTL_FAST_MATH = YES;
				ONLY_ACTIVE_ARCH = YES;
				SDKROOT = iphoneos;
				SWIFT_ACTIVE_COMPILATION_CONDITIONS = DEBUG;
				SWIFT_OPTIMIZATION_LEVEL = "-Onone";
			};
			name = Debug;
		};
		2BFFE31F2363E11C00010BA9 /* Release */ = {
			isa = XCBuildConfiguration;
			buildSettings = {
				ALWAYS_SEARCH_USER_PATHS = NO;
				CLANG_ANALYZER_LOCALIZABILITY_NONLOCALIZED = YES;
				CLANG_ANALYZER_NONNULL = YES;
				CLANG_ANALYZER_NUMBER_OBJECT_CONVERSION = YES_AGGRESSIVE;
				CLANG_CXX_LANGUAGE_STANDARD = "gnu++14";
				CLANG_CXX_LIBRARY = "libc++";
				CLANG_ENABLE_MODULES = YES;
				CLANG_ENABLE_OBJC_ARC = YES;
				CLANG_ENABLE_OBJC_WEAK = YES;
				CLANG_WARN_BLOCK_CAPTURE_AUTORELEASING = YES;
				CLANG_WARN_BOOL_CONVERSION = YES;
				CLANG_WARN_COMMA = YES;
				CLANG_WARN_CONSTANT_CONVERSION = YES;
				CLANG_WARN_DEPRECATED_OBJC_IMPLEMENTATIONS = YES;
				CLANG_WARN_DIRECT_OBJC_ISA_USAGE = YES_ERROR;
				CLANG_WARN_DOCUMENTATION_COMMENTS = YES;
				CLANG_WARN_EMPTY_BODY = YES;
				CLANG_WARN_ENUM_CONVERSION = YES;
				CLANG_WARN_INFINITE_RECURSION = YES;
				CLANG_WARN_INT_CONVERSION = YES;
				CLANG_WARN_NON_LITERAL_NULL_CONVERSION = YES;
				CLANG_WARN_OBJC_IMPLICIT_RETAIN_SELF = YES;
				CLANG_WARN_OBJC_LITERAL_CONVERSION = YES;
				CLANG_WARN_OBJC_ROOT_CLASS = YES_ERROR;
				CLANG_WARN_RANGE_LOOP_ANALYSIS = YES;
				CLANG_WARN_STRICT_PROTOTYPES = YES;
				CLANG_WARN_SUSPICIOUS_MOVE = YES;
				CLANG_WARN_UNGUARDED_AVAILABILITY = YES_AGGRESSIVE;
				CLANG_WARN_UNREACHABLE_CODE = YES;
				CLANG_WARN__DUPLICATE_METHOD_MATCH = YES;
				COPY_PHASE_STRIP = NO;
				DEBUG_INFORMATION_FORMAT = "dwarf-with-dsym";
				ENABLE_NS_ASSERTIONS = NO;
				ENABLE_STRICT_OBJC_MSGSEND = YES;
				GCC_C_LANGUAGE_STANDARD = gnu11;
				GCC_NO_COMMON_BLOCKS = YES;
				GCC_WARN_64_TO_32_BIT_CONVERSION = YES;
				GCC_WARN_ABOUT_RETURN_TYPE = YES_ERROR;
				GCC_WARN_UNDECLARED_SELECTOR = YES;
				GCC_WARN_UNINITIALIZED_AUTOS = YES_AGGRESSIVE;
				GCC_WARN_UNUSED_FUNCTION = YES;
				GCC_WARN_UNUSED_VARIABLE = YES;
				IPHONEOS_DEPLOYMENT_TARGET = 13.1;
				MTL_ENABLE_DEBUG_INFO = NO;
				MTL_FAST_MATH = YES;
				SDKROOT = iphoneos;
				SWIFT_COMPILATION_MODE = wholemodule;
				SWIFT_OPTIMIZATION_LEVEL = "-O";
				VALIDATE_PRODUCT = YES;
			};
			name = Release;
		};
		2BFFE3212363E11C00010BA9 /* Debug */ = {
			isa = XCBuildConfiguration;
			baseConfigurationReference = 8CBF3F4837EE1260CF77E894 /* Pods-TYHLanguageManager.debug.xcconfig */;
			buildSettings = {
				ASSETCATALOG_COMPILER_APPICON_NAME = AppIcon;
				CODE_SIGN_STYLE = Automatic;
				DEVELOPMENT_TEAM = K5LE4LDJCG;
				INFOPLIST_FILE = TYHLanguageManager/Info.plist;
				IPHONEOS_DEPLOYMENT_TARGET = 9.2;
				LD_RUNPATH_SEARCH_PATHS = (
					"$(inherited)",
					"@executable_path/Frameworks",
				);
				PRODUCT_BUNDLE_IDENTIFIER = com.TYHLanguageManager;
				PRODUCT_NAME = "$(TARGET_NAME)";
				SWIFT_VERSION = 5.0;
				TARGETED_DEVICE_FAMILY = "1,2";
			};
			name = Debug;
		};
		2BFFE3222363E11C00010BA9 /* Release */ = {
			isa = XCBuildConfiguration;
			baseConfigurationReference = 61AEBBC042C133B67E1E7B0B /* Pods-TYHLanguageManager.release.xcconfig */;
			buildSettings = {
				ASSETCATALOG_COMPILER_APPICON_NAME = AppIcon;
				CODE_SIGN_STYLE = Automatic;
				DEVELOPMENT_TEAM = K5LE4LDJCG;
				INFOPLIST_FILE = TYHLanguageManager/Info.plist;
				IPHONEOS_DEPLOYMENT_TARGET = 9.2;
				LD_RUNPATH_SEARCH_PATHS = (
					"$(inherited)",
					"@executable_path/Frameworks",
				);
				PRODUCT_BUNDLE_IDENTIFIER = com.TYHLanguageManager;
				PRODUCT_NAME = "$(TARGET_NAME)";
				SWIFT_VERSION = 5.0;
				TARGETED_DEVICE_FAMILY = "1,2";
			};
			name = Release;
		};
/* End XCBuildConfiguration section */

/* Begin XCConfigurationList section */
		2BFFE3072363E11800010BA9 /* Build configuration list for PBXProject "TYHLanguage" */ = {
			isa = XCConfigurationList;
			buildConfigurations = (
				2BFFE31E2363E11C00010BA9 /* Debug */,
				2BFFE31F2363E11C00010BA9 /* Release */,
			);
			defaultConfigurationIsVisible = 0;
			defaultConfigurationName = Release;
		};
		2BFFE3202363E11C00010BA9 /* Build configuration list for PBXNativeTarget "TYHLanguage" */ = {
			isa = XCConfigurationList;
			buildConfigurations = (
				2BFFE3212363E11C00010BA9 /* Debug */,
				2BFFE3222363E11C00010BA9 /* Release */,
			);
			defaultConfigurationIsVisible = 0;
			defaultConfigurationName = Release;
		};
/* End XCConfigurationList section */
	};
	rootObject = 2BFFE3042363E11800010BA9 /* Project object */;
}
